// !$*UTF8*$!
{
	archiveVersion = 1;
	classes = {
	};
	objectVersion = 50;
	objects = {

/* Begin PBXBuildFile section */
		4C940AD8212C4FDB009F0916 /* AppDelegate.swift in Sources */ = {isa = PBXBuildFile; fileRef = 4C940AD7212C4FDB009F0916 /* AppDelegate.swift */; };
		4C940ADA212C4FDB009F0916 /* ViewController.swift in Sources */ = {isa = PBXBuildFile; fileRef = 4C940AD9212C4FDB009F0916 /* ViewController.swift */; };
		4C940ADD212C4FDB009F0916 /* Main.storyboard in Resources */ = {isa = PBXBuildFile; fileRef = 4C940ADB212C4FDB009F0916 /* Main.storyboard */; };
		4C940ADF212C4FDC009F0916 /* Assets.xcassets in Resources */ = {isa = PBXBuildFile; fileRef = 4C940ADE212C4FDC009F0916 /* Assets.xcassets */; };
		4C940AE2212C4FDC009F0916 /* LaunchScreen.storyboard in Resources */ = {isa = PBXBuildFile; fileRef = 4C940AE0212C4FDC009F0916 /* LaunchScreen.storyboard */; };
/* End PBXBuildFile section */

/* Begin PBXFileReference section */
		4C940AD4212C4FDB009F0916 /* Machine a sous.app */ = {isa = PBXFileReference; explicitFileType = wrapper.application; includeInIndex = 0; path = "Machine a sous.app"; sourceTree = BUILT_PRODUCTS_DIR; };
		4C940AD7212C4FDB009F0916 /* AppDelegate.swift */ = {isa = PBXFileReference; lastKnownFileType = sourcecode.swift; path = AppDelegate.swift; sourceTree = "<group>"; };
		4C940AD9212C4FDB009F0916 /* ViewController.swift */ = {isa = PBXFileReference; lastKnownFileType = sourcecode.swift; path = ViewController.swift; sourceTree = "<group>"; };
		4C940ADC212C4FDB009F0916 /* Base */ = {isa = PBXFileReference; lastKnownFileType = file.storyboard; name = Base; path = Base.lproj/Main.storyboard; sourceTree = "<group>"; };
		4C940ADE212C4FDC009F0916 /* Assets.xcassets */ = {isa = PBXFileReference; lastKnownFileType = folder.assetcatalog; path = Assets.xcassets; sourceTree = "<group>"; };
		4C940AE1212C4FDC009F0916 /* Base */ = {isa = PBXFileReference; lastKnownFileType = file.storyboard; name = Base; path = Base.lproj/LaunchScreen.storyboard; sourceTree = "<group>"; };
		4C940AE3212C4FDC009F0916 /* Info.plist */ = {isa = PBXFileReference; lastKnownFileType = text.plist.xml; path = Info.plist; sourceTree = "<group>"; };
/* End PBXFileReference section */

/* Begin PBXFrameworksBuildPhase section */
		4C940AD1212C4FDB009F0916 /* Frameworks */ = {
			isa = PBXFrameworksBuildPhase;
			buildActionMask = 2147483647;
			files = (
			);
			runOnlyForDeploymentPostprocessing = 0;
		};
/* End PBXFrameworksBuildPhase section */

/* Begin PBXGroup section */
		4C940ACB212C4FDB009F0916 = {
			isa = PBXGroup;
			children = (
				4C940AD6212C4FDB009F0916 /* Machine a sous */,
				4C940AD5212C4FDB009F0916 /* Products */,
			);
			sourceTree = "<group>";
		};
		4C940AD5212C4FDB009F0916 /* Products */ = {
			isa = PBXGroup;
			children = (
				4C940AD4212C4FDB009F0916 /* Machine a sous.app */,
			);
			name = Products;
			sourceTree = "<group>";
		};
		4C940AD6212C4FDB009F0916 /* Machine a sous */ = {
			isa = PBXGroup;
			children = (
				4C940AD7212C4FDB009F0916 /* AppDelegate.swift */,
				4C940AD9212C4FDB009F0916 /* ViewController.swift */,
				4C940ADB212C4FDB009F0916 /* Main.storyboard */,
				4C940ADE212C4FDC009F0916 /* Assets.xcassets */,
				4C940AE0212C4FDC009F0916 /* LaunchScreen.storyboard */,
				4C940AE3212C4FDC009F0916 /* Info.plist */,
			);
			path = "Machine a sous";
			sourceTree = "<group>";
		};
/* End PBXGroup section */

/* Begin PBXNativeTarget section */
		4C940AD3212C4FDB009F0916 /* Machine a sous */ = {
			isa = PBXNativeTarget;
			buildConfigurationList = 4C940AE6212C4FDC009F0916 /* Build configuration list for PBXNativeTarget "Machine a sous" */;
			buildPhases = (
				4C940AD0212C4FDB009F0916 /* Sources */,
				4C940AD1212C4FDB009F0916 /* Frameworks */,
				4C940AD2212C4FDB009F0916 /* Resources */,
			);
			buildRules = (
			);
			dependencies = (
			);
			name = "Machine a sous";
			productName = "Machine a sous";
			productReference = 4C940AD4212C4FDB009F0916 /* Machine a sous.app */;
			productType = "com.apple.product-type.application";
		};
/* End PBXNativeTarget section */

/* Begin PBXProject section */
		4C940ACC212C4FDB009F0916 /* Project object */ = {
			isa = PBXProject;
			attributes = {
				LastSwiftUpdateCheck = 0940;
				LastUpgradeCheck = 0940;
				ORGANIZATIONNAME = EMANET;
				TargetAttributes = {
					4C940AD3212C4FDB009F0916 = {
						CreatedOnToolsVersion = 9.4.1;
					};
				};
			};
			buildConfigurationList = 4C940ACF212C4FDB009F0916 /* Build configuration list for PBXProject "Machine a sous" */;
			compatibilityVersion = "Xcode 9.3";
			developmentRegion = en;
			hasScannedForEncodings = 0;
			knownRegions = (
				en,
				Base,
			);
			mainGroup = 4C940ACB212C4FDB009F0916;
			productRefGroup = 4C940AD5212C4FDB009F0916 /* Products */;
			projectDirPath = "";
			projectRoot = "";
			targets = (
				4C940AD3212C4FDB009F0916 /* Machine a sous */,
			);
		};
/* End PBXProject section */

/* Begin PBXResourcesBuildPhase section */
		4C940AD2212C4FDB009F0916 /* Resources */ = {
			isa = PBXResourcesBuildPhase;
			buildActionMask = 2147483647;
			files = (
				4C940AE2212C4FDC009F0916 /* LaunchScreen.storyboard in Resources */,
				4C940ADF212C4FDC009F0916 /* Assets.xcassets in Resources */,
				4C940ADD212C4FDB009F0916 /* Main.storyboard in Resources */,
			);
			runOnlyForDeploymentPostprocessing = 0;
		};
/* End PBXResourcesBuildPhase section */

/* Begin PBXSourcesBuildPhase section */
		4C940AD0212C4FDB009F0916 /* Sources */ = {
			isa = PBXSourcesBuildPhase;
			buildActionMask = 2147483647;
			files = (
				4C940ADA212C4FDB009F0916 /* ViewController.swift in Sources */,
				4C940AD8212C4FDB009F0916 /* AppDelegate.swift in Sources */,
			);
			runOnlyForDeploymentPostprocessing = 0;
		};
/* End PBXSourcesBuildPhase section */

/* Begin PBXVariantGroup section */
		4C940ADB212C4FDB009F0916 /* Main.storyboard */ = {
			isa = PBXVariantGroup;
			children = (
				4C940ADC212C4FDB009F0916 /* Base */,
			);
			name = Main.storyboard;
			sourceTree = "<group>";
		};
		4C940AE0212C4FDC009F0916 /* LaunchScreen.storyboard */ = {
			isa = PBXVariantGroup;
			children = (
				4C940AE1212C4FDC009F0916 /* Base */,
			);
			name = LaunchScreen.storyboard;
			sourceTree = "<group>";
		};
/* End PBXVariantGroup section */

/* Begin XCBuildConfiguration section */
		4C940AE4212C4FDC009F0916 /* Debug */ = {
			isa = XCBuildConfiguration;
			buildSettings = {
				ALWAYS_SEARCH_USER_PATHS = NO;
				CLANG_ANALYZER_NONNULL = YES;
				CLANG_ANALYZER_NUMBER_OBJECT_CONVERSION = YES_AGGRESSIVE;
				CLANG_CXX_LANGUAGE_STANDARD = "gnu++14";
				CLANG_CXX_LIBRARY = "libc++";
				CLANG_ENABLE_MODULES = YES;
				CLANG_ENABLE_OBJC_ARC = YES;
				CLANG_ENABLE_OBJC_WEAK = YES;
				CLANG_WARN_BLOCK_CAPTURE_AUTORELEASING = YES;
				CLANG_WARN_BOOL_CONVERSION = YES;
				CLANG_WARN_COMMA = YES;
				CLANG_WARN_CONSTANT_CONVERSION = YES;
				CLANG_WARN_DEPRECATED_OBJC_IMPLEMENTATIONS = YES;
				CLANG_WARN_DIRECT_OBJC_ISA_USAGE = YES_ERROR;
				CLANG_WARN_DOCUMENTATION_COMMENTS = YES;
				CLANG_WARN_EMPTY_BODY = YES;
				CLANG_WARN_ENUM_CONVERSION = YES;
				CLANG_WARN_INFINITE_RECURSION = YES;
				CLANG_WARN_INT_CONVERSION = YES;
				CLANG_WARN_NON_LITERAL_NULL_CONVERSION = YES;
				CLANG_WARN_OBJC_IMPLICIT_RETAIN_SELF = YES;
				CLANG_WARN_OBJC_LITERAL_CONVERSION = YES;
				CLANG_WARN_OBJC_ROOT_CLASS = YES_ERROR;
				CLANG_WARN_RANGE_LOOP_ANALYSIS = YES;
				CLANG_WARN_STRICT_PROTOTYPES = YES;
				CLANG_WARN_SUSPICIOUS_MOVE = YES;
				CLANG_WARN_UNGUARDED_AVAILABILITY = YES_AGGRESSIVE;
				CLANG_WARN_UNREACHABLE_CODE = YES;
				CLANG_WARN__DUPLICATE_METHOD_MATCH = YES;
				CODE_SIGN_IDENTITY = "iPhone Developer";
				COPY_PHASE_STRIP = NO;
				DEBUG_INFORMATION_FORMAT = dwarf;
				ENABLE_STRICT_OBJC_MSGSEND = YES;
				ENABLE_TESTABILITY = YES;
				GCC_C_LANGUAGE_STANDARD = gnu11;
				GCC_DYNAMIC_NO_PIC = NO;
				GCC_NO_COMMON_BLOCKS = YES;
				GCC_OPTIMIZATION_LEVEL = 0;
				GCC_PREPROCESSOR_DEFINITIONS = (
					"DEBUG=1",
					"$(inherited)",
				);
				GCC_WARN_64_TO_32_BIT_CONVERSION = YES;
				GCC_WARN_ABOUT_RETURN_TYPE = YES_ERROR;
				GCC_WARN_UNDECLARED_SELECTOR = YES;
				GCC_WARN_UNINITIALIZED_AUTOS = YES_AGGRESSIVE;
				GCC_WARN_UNUSED_FUNCTION = YES;
				GCC_WARN_UNUSED_VARIABLE = YES;
				IPHONEOS_DEPLOYMENT_TARGET = 11.4;
				MTL_ENABLE_DEBUG_INFO = YES;
				ONLY_ACTIVE_ARCH = YES;
				SDKROOT = iphoneos;
				SWIFT_ACTIVE_COMPILATION_CONDITIONS = DEBUG;
				SWIFT_OPTIMIZATION_LEVEL = "-Onone";
			};
			name = Debug;
		};
		4C940AE5212C4FDC009F0916 /* Release */ = {
			isa = XCBuildConfiguration;
			buildSettings = {
				ALWAYS_SEARCH_USER_PATHS = NO;
				CLANG_ANALYZER_NONNULL = YES;
				CLANG_ANALYZER_NUMBER_OBJECT_CONVERSION = YES_AGGRESSIVE;
				CLANG_CXX_LANGUAGE_STANDARD = "gnu++14";
				CLANG_CXX_LIBRARY = "libc++";
				CLANG_ENABLE_MODULES = YES;
				CLANG_ENABLE_OBJC_ARC = YES;
				CLANG_ENABLE_OBJC_WEAK = YES;
				CLANG_WARN_BLOCK_CAPTURE_AUTORELEASING = YES;
				CLANG_WARN_BOOL_CONVERSION = YES;
				CLANG_WARN_COMMA = YES;
				CLANG_WARN_CONSTANT_CONVERSION = YES;
				CLANG_WARN_DEPRECATED_OBJC_IMPLEMENTATIONS = YES;
				CLANG_WARN_DIRECT_OBJC_ISA_USAGE = YES_ERROR;
				CLANG_WARN_DOCUMENTATION_COMMENTS = YES;
				CLANG_WARN_EMPTY_BODY = YES;
				CLANG_WARN_ENUM_CONVERSION = YES;
				CLANG_WARN_INFINITE_RECURSION = YES;
				CLANG_WARN_INT_CONVERSION = YES;
				CLANG_WARN_NON_LITERAL_NULL_CONVERSION = YES;
				CLANG_WARN_OBJC_IMPLICIT_RETAIN_SELF = YES;
				CLANG_WARN_OBJC_LITERAL_CONVERSION = YES;
				CLANG_WARN_OBJC_ROOT_CLASS = YES_ERROR;
				CLANG_WARN_RANGE_LOOP_ANALYSIS = YES;
				CLANG_WARN_STRICT_PROTOTYPES = YES;
				CLANG_WARN_SUSPICIOUS_MOVE = YES;
				CLANG_WARN_UNGUARDED_AVAILABILITY = YES_AGGRESSIVE;
				CLANG_WARN_UNREACHABLE_CODE = YES;
				CLANG_WARN__DUPLICATE_METHOD_MATCH = YES;
				CODE_SIGN_IDENTITY = "iPhone Developer";
				COPY_PHASE_STRIP = NO;
				DEBUG_INFORMATION_FORMAT = "dwarf-with-dsym";
				ENABLE_NS_ASSERTIONS = NO;
				ENABLE_STRICT_OBJC_MSGSEND = YES;
				GCC_C_LANGUAGE_STANDARD = gnu11;
				GCC_NO_COMMON_BLOCKS = YES;
				GCC_WARN_64_TO_32_BIT_CONVERSION = YES;
				GCC_WARN_ABOUT_RETURN_TYPE = YES_ERROR;
				GCC_WARN_UNDECLARED_SELECTOR = YES;
				GCC_WARN_UNINITIALIZED_AUTOS = YES_AGGRESSIVE;
				GCC_WARN_UNUSED_FUNCTION = YES;
				GCC_WARN_UNUSED_VARIABLE = YES;
				IPHONEOS_DEPLOYMENT_TARGET = 11.4;
				MTL_ENABLE_DEBUG_INFO = NO;
				SDKROOT = iphoneos;
				SWIFT_COMPILATION_MODE = wholemodule;
				SWIFT_OPTIMIZATION_LEVEL = "-O";
				VALIDATE_PRODUCT = YES;
			};
			name = Release;
		};
		4C940AE7212C4FDC009F0916 /* Debug */ = {
			isa = XCBuildConfiguration;
			buildSettings = {
				ASSETCATALOG_COMPILER_APPICON_NAME = AppIcon;
				CODE_SIGN_STYLE = Automatic;
				DEVELOPMENT_TEAM = 6R3EY3WNDP;
				INFOPLIST_FILE = "Machine a sous/Info.plist";
				LD_RUNPATH_SEARCH_PATHS = (
					"$(inherited)",
					"@executable_path/Frameworks",
				);
				PRODUCT_BUNDLE_IDENTIFIER = "fr.emanet.Machine-a-sous";
				PRODUCT_NAME = "$(TARGET_NAME)";
				SWIFT_VERSION = 4.0;
				TARGETED_DEVICE_FAMILY = "1,2";
			};
			name = Debug;
		};
		4C940AE8212C4FDC009F0916 /* Release */ = {
			isa = XCBuildConfiguration;
			buildSettings = {
				ASSETCATALOG_COMPILER_APPICON_NAME = AppIcon;
				CODE_SIGN_STYLE = Automatic;
				DEVELOPMENT_TEAM = 6R3EY3WNDP;
				INFOPLIST_FILE = "Machine a sous/Info.plist";
				LD_RUNPATH_SEARCH_PATHS = (
					"$(inherited)",
					"@executable_path/Frameworks",
				);
				PRODUCT_BUNDLE_IDENTIFIER = "fr.emanet.Machine-a-sous";
				PRODUCT_NAME = "$(TARGET_NAME)";
				SWIFT_VERSION = 4.0;
				TARGETED_DEVICE_FAMILY = "1,2";
			};
			name = Release;
		};
/* End XCBuildConfiguration section */

/* Begin XCConfigurationList section */
		4C940ACF212C4FDB009F0916 /* Build configuration list for PBXProject "Machine a sous" */ = {
			isa = XCConfigurationList;
			buildConfigurations = (
				4C940AE4212C4FDC009F0916 /* Debug */,
				4C940AE5212C4FDC009F0916 /* Release */,
			);
			defaultConfigurationIsVisible = 0;
			defaultConfigurationName = Release;
		};
		4C940AE6212C4FDC009F0916 /* Build configuration list for PBXNativeTarget "Machine a sous" */ = {
			isa = XCConfigurationList;
			buildConfigurations = (
				4C940AE7212C4FDC009F0916 /* Debug */,
				4C940AE8212C4FDC009F0916 /* Release */,
			);
			defaultConfigurationIsVisible = 0;
			defaultConfigurationName = Release;
		};
/* End XCConfigurationList section */
	};
	rootObject = 4C940ACC212C4FDB009F0916 /* Project object */;
}
